
Microsoft Visual Studio Solution File, Format Version 12.00
# Visual Studio Version 16
VisualStudioVersion = 16.0.30011.22
MinimumVisualStudioVersion = 10.0.40219.1
Project("{FAE04EC0-301F-11D3-BF4B-00C04F79EFBC}") = "ObjectCovering", "ObjectCovering\ObjectCovering.csproj", "{695235A7-8401-4BC3-AD33-7101703C121D}"
EndProject
Project("{FAE04EC0-301F-11D3-BF4B-00C04F79EFBC}") = "ObjectCovering.Core", "ObjectCovering.Core\ObjectCovering.Core.csproj", "{653A8081-7D0F-4002-A140-779E6AE93834}"
EndProject
Global
	GlobalSection(SolutionConfigurationPlatforms) = preSolution
		Debug|Any CPU = Debug|Any CPU
		Release|Any CPU = Release|Any CPU
	EndGlobalSection
	GlobalSection(ProjectConfigurationPlatforms) = postSolution
		{695235A7-8401-4BC3-AD33-7101703C121D}.Debug|Any CPU.ActiveCfg = Debug|Any CPU
		{695235A7-8401-4BC3-AD33-7101703C121D}.Debug|Any CPU.Build.0 = Debug|Any CPU
		{695235A7-8401-4BC3-AD33-7101703C121D}.Release|Any CPU.ActiveCfg = Release|Any CPU
		{695235A7-8401-4BC3-AD33-7101703C121D}.Release|Any CPU.Build.0 = Release|Any CPU
		{653A8081-7D0F-4002-A140-779E6AE93834}.Debug|Any CPU.ActiveCfg = Debug|Any CPU
		{653A8081-7D0F-4002-A140-779E6AE93834}.Debug|Any CPU.Build.0 = Debug|Any CPU
		{653A8081-7D0F-4002-A140-779E6AE93834}.Release|Any CPU.ActiveCfg = Release|Any CPU
		{653A8081-7D0F-4002-A140-779E6AE93834}.Release|Any CPU.Build.0 = Release|Any CPU
	EndGlobalSection
	GlobalSection(SolutionProperties) = preSolution
		HideSolutionNode = FALSE
	EndGlobalSection
	GlobalSection(ExtensibilityGlobals) = postSolution
		SolutionGuid = {2A9CE6A2-E5CD-405F-886B-6A82E71FE1BA}
	EndGlobalSection
EndGlobal
